
Microsoft Visual Studio Solution File, Format Version 12.00
# Visual Studio Version 16
VisualStudioVersion = 16.0.30611.23
MinimumVisualStudioVersion = 10.0.40219.1
Project("{FAE04EC0-301F-11D3-BF4B-00C04F79EFBC}") = "ClientCFC-P4-086", "ClientCFC-P4-086\ClientCFC-P4-086.csproj", "{0CBE829F-E1FF-4501-90F8-5919FDEBC918}"
EndProject
Global
	GlobalSection(SolutionConfigurationPlatforms) = preSolution
		Debug|Any CPU = Debug|Any CPU
		Release|Any CPU = Release|Any CPU
	EndGlobalSection
	GlobalSection(ProjectConfigurationPlatforms) = postSolution
		{0CBE829F-E1FF-4501-90F8-5919FDEBC918}.Debug|Any CPU.ActiveCfg = Debug|Any CPU
		{0CBE829F-E1FF-4501-90F8-5919FDEBC918}.Debug|Any CPU.Build.0 = Debug|Any CPU
		{0CBE829F-E1FF-4501-90F8-5919FDEBC918}.Release|Any CPU.ActiveCfg = Release|Any CPU
		{0CBE829F-E1FF-4501-90F8-5919FDEBC918}.Release|Any CPU.Build.0 = Release|Any CPU
	EndGlobalSection
	GlobalSection(SolutionProperties) = preSolution
		HideSolutionNode = FALSE
	EndGlobalSection
	GlobalSection(ExtensibilityGlobals) = postSolution
		SolutionGuid = {B022D1F9-77EE-4818-898E-5498B906F87A}
	EndGlobalSection
EndGlobal
